// !$*UTF8*$!
{
	archiveVersion = 1;
	classes = {
	};
	objectVersion = 56;
	objects = {

/* Begin PBXBuildFile section */
		986BD5DF2B8CD51B00AF212E /* DJAppUITests.swift in Sources */ = {isa = PBXBuildFile; fileRef = 986BD5DE2B8CD51B00AF212E /* DJAppUITests.swift */; };
		A128C3D62AAF5D0000AD99B5 /* MainAudioSystem.swift in Sources */ = {isa = PBXBuildFile; fileRef = A128C3D52AAF5D0000AD99B5 /* MainAudioSystem.swift */; };
		A19337182AAF3F5C00F49633 /* AppDelegate.swift in Sources */ = {isa = PBXBuildFile; fileRef = A19337172AAF3F5C00F49633 /* AppDelegate.swift */; };
		A193371A2AAF3F5C00F49633 /* SceneDelegate.swift in Sources */ = {isa = PBXBuildFile; fileRef = A19337192AAF3F5C00F49633 /* SceneDelegate.swift */; };
		A193371C2AAF3F5C00F49633 /* ViewController.swift in Sources */ = {isa = PBXBuildFile; fileRef = A193371B2AAF3F5C00F49633 /* ViewController.swift */; };
		A193371F2AAF3F5C00F49633 /* Main.storyboard in Resources */ = {isa = PBXBuildFile; fileRef = A193371D2AAF3F5C00F49633 /* Main.storyboard */; };
		A19337212AAF3F5E00F49633 /* Assets.xcassets in Resources */ = {isa = PBXBuildFile; fileRef = A19337202AAF3F5E00F49633 /* Assets.xcassets */; };
		A19337242AAF3F5E00F49633 /* LaunchScreen.storyboard in Resources */ = {isa = PBXBuildFile; fileRef = A19337222AAF3F5E00F49633 /* LaunchScreen.storyboard */; };
		A193372D2AAF491900F49633 /* SwitchboardSDK in Frameworks */ = {isa = PBXBuildFile; productRef = A193372C2AAF491900F49633 /* SwitchboardSDK */; };
		A193372F2AAF491900F49633 /* SwitchboardSuperpowered in Frameworks */ = {isa = PBXBuildFile; productRef = A193372E2AAF491900F49633 /* SwitchboardSuperpowered */; };
		A19337312AAF497600F49633 /* Config.swift in Sources */ = {isa = PBXBuildFile; fileRef = A19337302AAF497600F49633 /* Config.swift */; };
		A19A182C2AB0622200B542F5 /* nuyorica.m4a in Resources */ = {isa = PBXBuildFile; fileRef = A19A182A2AB0622100B542F5 /* nuyorica.m4a */; };
		A19A182D2AB0622200B542F5 /* lycka.mp3 in Resources */ = {isa = PBXBuildFile; fileRef = A19A182B2AB0622200B542F5 /* lycka.mp3 */; };
/* End PBXBuildFile section */

/* Begin PBXContainerItemProxy section */
		986BD5E22B8CD51B00AF212E /* PBXContainerItemProxy */ = {
			isa = PBXContainerItemProxy;
			containerPortal = A193370C2AAF3F5C00F49633 /* Project object */;
			proxyType = 1;
			remoteGlobalIDString = A19337132AAF3F5C00F49633;
			remoteInfo = DJApp;
		};
/* End PBXContainerItemProxy section */

/* Begin PBXFileReference section */
		986BD5DC2B8CD51B00AF212E /* DJAppUITests.xctest */ = {isa = PBXFileReference; explicitFileType = wrapper.cfbundle; includeInIndex = 0; path = DJAppUITests.xctest; sourceTree = BUILT_PRODUCTS_DIR; };
		986BD5DE2B8CD51B00AF212E /* DJAppUITests.swift */ = {isa = PBXFileReference; lastKnownFileType = sourcecode.swift; path = DJAppUITests.swift; sourceTree = "<group>"; };
		A128C3D52AAF5D0000AD99B5 /* MainAudioSystem.swift */ = {isa = PBXFileReference; lastKnownFileType = sourcecode.swift; path = MainAudioSystem.swift; sourceTree = "<group>"; };
		A19337142AAF3F5C00F49633 /* DJApp.app */ = {isa = PBXFileReference; explicitFileType = wrapper.application; includeInIndex = 0; path = DJApp.app; sourceTree = BUILT_PRODUCTS_DIR; };
		A19337172AAF3F5C00F49633 /* AppDelegate.swift */ = {isa = PBXFileReference; lastKnownFileType = sourcecode.swift; path = AppDelegate.swift; sourceTree = "<group>"; };
		A19337192AAF3F5C00F49633 /* SceneDelegate.swift */ = {isa = PBXFileReference; lastKnownFileType = sourcecode.swift; path = SceneDelegate.swift; sourceTree = "<group>"; };
		A193371B2AAF3F5C00F49633 /* ViewController.swift */ = {isa = PBXFileReference; lastKnownFileType = sourcecode.swift; path = ViewController.swift; sourceTree = "<group>"; };
		A193371E2AAF3F5C00F49633 /* Base */ = {isa = PBXFileReference; lastKnownFileType = file.storyboard; name = Base; path = Base.lproj/Main.storyboard; sourceTree = "<group>"; };
		A19337202AAF3F5E00F49633 /* Assets.xcassets */ = {isa = PBXFileReference; lastKnownFileType = folder.assetcatalog; path = Assets.xcassets; sourceTree = "<group>"; };
		A19337232AAF3F5E00F49633 /* Base */ = {isa = PBXFileReference; lastKnownFileType = file.storyboard; name = Base; path = Base.lproj/LaunchScreen.storyboard; sourceTree = "<group>"; };
		A19337252AAF3F5E00F49633 /* Info.plist */ = {isa = PBXFileReference; lastKnownFileType = text.plist.xml; path = Info.plist; sourceTree = "<group>"; };
		A19337302AAF497600F49633 /* Config.swift */ = {isa = PBXFileReference; lastKnownFileType = sourcecode.swift; path = Config.swift; sourceTree = "<group>"; };
		A19A182A2AB0622100B542F5 /* nuyorica.m4a */ = {isa = PBXFileReference; lastKnownFileType = file; path = nuyorica.m4a; sourceTree = "<group>"; };
		A19A182B2AB0622200B542F5 /* lycka.mp3 */ = {isa = PBXFileReference; lastKnownFileType = audio.mp3; path = lycka.mp3; sourceTree = "<group>"; };
/* End PBXFileReference section */

/* Begin PBXFrameworksBuildPhase section */
		986BD5D92B8CD51B00AF212E /* Frameworks */ = {
			isa = PBXFrameworksBuildPhase;
			buildActionMask = 2147483647;
			files = (
			);
			runOnlyForDeploymentPostprocessing = 0;
		};
		A19337112AAF3F5C00F49633 /* Frameworks */ = {
			isa = PBXFrameworksBuildPhase;
			buildActionMask = 2147483647;
			files = (
				A193372F2AAF491900F49633 /* SwitchboardSuperpowered in Frameworks */,
				A193372D2AAF491900F49633 /* SwitchboardSDK in Frameworks */,
			);
			runOnlyForDeploymentPostprocessing = 0;
		};
/* End PBXFrameworksBuildPhase section */

/* Begin PBXGroup section */
		986BD5DD2B8CD51B00AF212E /* DJAppUITests */ = {
			isa = PBXGroup;
			children = (
				986BD5DE2B8CD51B00AF212E /* DJAppUITests.swift */,
			);
			path = DJAppUITests;
			sourceTree = "<group>";
		};
		A193370B2AAF3F5C00F49633 = {
			isa = PBXGroup;
			children = (
				A19337162AAF3F5C00F49633 /* DJApp */,
				986BD5DD2B8CD51B00AF212E /* DJAppUITests */,
				A19337152AAF3F5C00F49633 /* Products */,
			);
			sourceTree = "<group>";
		};
		A19337152AAF3F5C00F49633 /* Products */ = {
			isa = PBXGroup;
			children = (
				A19337142AAF3F5C00F49633 /* DJApp.app */,
				986BD5DC2B8CD51B00AF212E /* DJAppUITests.xctest */,
			);
			name = Products;
			sourceTree = "<group>";
		};
		A19337162AAF3F5C00F49633 /* DJApp */ = {
			isa = PBXGroup;
			children = (
				A19A18292AB061ED00B542F5 /* AudioFiles */,
				A19337172AAF3F5C00F49633 /* AppDelegate.swift */,
				A19337192AAF3F5C00F49633 /* SceneDelegate.swift */,
				A193371B2AAF3F5C00F49633 /* ViewController.swift */,
				A193371D2AAF3F5C00F49633 /* Main.storyboard */,
				A19337202AAF3F5E00F49633 /* Assets.xcassets */,
				A19337222AAF3F5E00F49633 /* LaunchScreen.storyboard */,
				A19337252AAF3F5E00F49633 /* Info.plist */,
				A19337302AAF497600F49633 /* Config.swift */,
				A128C3D52AAF5D0000AD99B5 /* MainAudioSystem.swift */,
			);
			path = DJApp;
			sourceTree = "<group>";
		};
		A19A18292AB061ED00B542F5 /* AudioFiles */ = {
			isa = PBXGroup;
			children = (
				A19A182B2AB0622200B542F5 /* lycka.mp3 */,
				A19A182A2AB0622100B542F5 /* nuyorica.m4a */,
			);
			path = AudioFiles;
			sourceTree = "<group>";
		};
/* End PBXGroup section */

/* Begin PBXNativeTarget section */
		986BD5DB2B8CD51B00AF212E /* DJAppUITests */ = {
			isa = PBXNativeTarget;
			buildConfigurationList = 986BD5E42B8CD51B00AF212E /* Build configuration list for PBXNativeTarget "DJAppUITests" */;
			buildPhases = (
				986BD5D82B8CD51B00AF212E /* Sources */,
				986BD5D92B8CD51B00AF212E /* Frameworks */,
				986BD5DA2B8CD51B00AF212E /* Resources */,
			);
			buildRules = (
			);
			dependencies = (
				986BD5E32B8CD51B00AF212E /* PBXTargetDependency */,
			);
			name = DJAppUITests;
			productName = DJAppUITests;
			productReference = 986BD5DC2B8CD51B00AF212E /* DJAppUITests.xctest */;
			productType = "com.apple.product-type.bundle.ui-testing";
		};
		A19337132AAF3F5C00F49633 /* DJApp */ = {
			isa = PBXNativeTarget;
			buildConfigurationList = A19337282AAF3F5E00F49633 /* Build configuration list for PBXNativeTarget "DJApp" */;
			buildPhases = (
				A19337102AAF3F5C00F49633 /* Sources */,
				A19337112AAF3F5C00F49633 /* Frameworks */,
				A19337122AAF3F5C00F49633 /* Resources */,
			);
			buildRules = (
			);
			dependencies = (
			);
			name = DJApp;
			packageProductDependencies = (
				A193372C2AAF491900F49633 /* SwitchboardSDK */,
				A193372E2AAF491900F49633 /* SwitchboardSuperpowered */,
			);
			productName = DJApp;
			productReference = A19337142AAF3F5C00F49633 /* DJApp.app */;
			productType = "com.apple.product-type.application";
		};
/* End PBXNativeTarget section */

/* Begin PBXProject section */
		A193370C2AAF3F5C00F49633 /* Project object */ = {
			isa = PBXProject;
			attributes = {
				BuildIndependentTargetsInParallel = 1;
				LastSwiftUpdateCheck = 1520;
				LastUpgradeCheck = 1430;
				TargetAttributes = {
					986BD5DB2B8CD51B00AF212E = {
						CreatedOnToolsVersion = 15.2;
						TestTargetID = A19337132AAF3F5C00F49633;
					};
					A19337132AAF3F5C00F49633 = {
						CreatedOnToolsVersion = 14.3.1;
					};
				};
			};
			buildConfigurationList = A193370F2AAF3F5C00F49633 /* Build configuration list for PBXProject "DJApp" */;
			compatibilityVersion = "Xcode 14.0";
			developmentRegion = en;
			hasScannedForEncodings = 0;
			knownRegions = (
				en,
				Base,
			);
			mainGroup = A193370B2AAF3F5C00F49633;
			packageReferences = (
				A193372B2AAF491800F49633 /* XCRemoteSwiftPackageReference "switchboard-sdk-ios" */,
			);
			productRefGroup = A19337152AAF3F5C00F49633 /* Products */;
			projectDirPath = "";
			projectRoot = "";
			targets = (
				A19337132AAF3F5C00F49633 /* DJApp */,
				986BD5DB2B8CD51B00AF212E /* DJAppUITests */,
			);
		};
/* End PBXProject section */

/* Begin PBXResourcesBuildPhase section */
		986BD5DA2B8CD51B00AF212E /* Resources */ = {
			isa = PBXResourcesBuildPhase;
			buildActionMask = 2147483647;
			files = (
			);
			runOnlyForDeploymentPostprocessing = 0;
		};
		A19337122AAF3F5C00F49633 /* Resources */ = {
			isa = PBXResourcesBuildPhase;
			buildActionMask = 2147483647;
			files = (
				A19337242AAF3F5E00F49633 /* LaunchScreen.storyboard in Resources */,
				A19337212AAF3F5E00F49633 /* Assets.xcassets in Resources */,
				A19A182D2AB0622200B542F5 /* lycka.mp3 in Resources */,
				A19A182C2AB0622200B542F5 /* nuyorica.m4a in Resources */,
				A193371F2AAF3F5C00F49633 /* Main.storyboard in Resources */,
			);
			runOnlyForDeploymentPostprocessing = 0;
		};
/* End PBXResourcesBuildPhase section */

/* Begin PBXSourcesBuildPhase section */
		986BD5D82B8CD51B00AF212E /* Sources */ = {
			isa = PBXSourcesBuildPhase;
			buildActionMask = 2147483647;
			files = (
				986BD5DF2B8CD51B00AF212E /* DJAppUITests.swift in Sources */,
			);
			runOnlyForDeploymentPostprocessing = 0;
		};
		A19337102AAF3F5C00F49633 /* Sources */ = {
			isa = PBXSourcesBuildPhase;
			buildActionMask = 2147483647;
			files = (
				A128C3D62AAF5D0000AD99B5 /* MainAudioSystem.swift in Sources */,
				A193371C2AAF3F5C00F49633 /* ViewController.swift in Sources */,
				A19337312AAF497600F49633 /* Config.swift in Sources */,
				A19337182AAF3F5C00F49633 /* AppDelegate.swift in Sources */,
				A193371A2AAF3F5C00F49633 /* SceneDelegate.swift in Sources */,
			);
			runOnlyForDeploymentPostprocessing = 0;
		};
/* End PBXSourcesBuildPhase section */

/* Begin PBXTargetDependency section */
		986BD5E32B8CD51B00AF212E /* PBXTargetDependency */ = {
			isa = PBXTargetDependency;
			target = A19337132AAF3F5C00F49633 /* DJApp */;
			targetProxy = 986BD5E22B8CD51B00AF212E /* PBXContainerItemProxy */;
		};
/* End PBXTargetDependency section */

/* Begin PBXVariantGroup section */
		A193371D2AAF3F5C00F49633 /* Main.storyboard */ = {
			isa = PBXVariantGroup;
			children = (
				A193371E2AAF3F5C00F49633 /* Base */,
			);
			name = Main.storyboard;
			sourceTree = "<group>";
		};
		A19337222AAF3F5E00F49633 /* LaunchScreen.storyboard */ = {
			isa = PBXVariantGroup;
			children = (
				A19337232AAF3F5E00F49633 /* Base */,
			);
			name = LaunchScreen.storyboard;
			sourceTree = "<group>";
		};
/* End PBXVariantGroup section */

/* Begin XCBuildConfiguration section */
		986BD5E52B8CD51B00AF212E /* Debug */ = {
			isa = XCBuildConfiguration;
			buildSettings = {
				ASSETCATALOG_COMPILER_GENERATE_SWIFT_ASSET_SYMBOL_EXTENSIONS = YES;
				CODE_SIGN_STYLE = Automatic;
				CURRENT_PROJECT_VERSION = 1;
				DEVELOPMENT_TEAM = NQ2VLM7NM7;
				ENABLE_USER_SCRIPT_SANDBOXING = YES;
				GCC_C_LANGUAGE_STANDARD = gnu17;
				GENERATE_INFOPLIST_FILE = YES;
				IPHONEOS_DEPLOYMENT_TARGET = 17.2;
				LOCALIZATION_PREFERS_STRING_CATALOGS = YES;
				MARKETING_VERSION = 1.0;
				PRODUCT_BUNDLE_IDENTIFIER = com.synervoz.DJAppUITests;
				PRODUCT_NAME = "$(TARGET_NAME)";
				SWIFT_ACTIVE_COMPILATION_CONDITIONS = "DEBUG $(inherited)";
				SWIFT_EMIT_LOC_STRINGS = NO;
				SWIFT_VERSION = 5.0;
				TARGETED_DEVICE_FAMILY = "1,2";
				TEST_TARGET_NAME = DJApp;
			};
			name = Debug;
		};
		986BD5E62B8CD51B00AF212E /* Release */ = {
			isa = XCBuildConfiguration;
			buildSettings = {
				ASSETCATALOG_COMPILER_GENERATE_SWIFT_ASSET_SYMBOL_EXTENSIONS = YES;
				CODE_SIGN_STYLE = Automatic;
				CURRENT_PROJECT_VERSION = 1;
				DEVELOPMENT_TEAM = NQ2VLM7NM7;
				ENABLE_USER_SCRIPT_SANDBOXING = YES;
				GCC_C_LANGUAGE_STANDARD = gnu17;
				GENERATE_INFOPLIST_FILE = YES;
				IPHONEOS_DEPLOYMENT_TARGET = 17.2;
				LOCALIZATION_PREFERS_STRING_CATALOGS = YES;
				MARKETING_VERSION = 1.0;
				PRODUCT_BUNDLE_IDENTIFIER = com.synervoz.DJAppUITests;
				PRODUCT_NAME = "$(TARGET_NAME)";
				SWIFT_EMIT_LOC_STRINGS = NO;
				SWIFT_VERSION = 5.0;
				TARGETED_DEVICE_FAMILY = "1,2";
				TEST_TARGET_NAME = DJApp;
			};
			name = Release;
		};
		A19337262AAF3F5E00F49633 /* Debug */ = {
			isa = XCBuildConfiguration;
			buildSettings = {
				ALWAYS_SEARCH_USER_PATHS = NO;
				CLANG_ANALYZER_NONNULL = YES;
				CLANG_ANALYZER_NUMBER_OBJECT_CONVERSION = YES_AGGRESSIVE;
				CLANG_CXX_LANGUAGE_STANDARD = "gnu++20";
				CLANG_ENABLE_MODULES = YES;
				CLANG_ENABLE_OBJC_ARC = YES;
				CLANG_ENABLE_OBJC_WEAK = YES;
				CLANG_WARN_BLOCK_CAPTURE_AUTORELEASING = YES;
				CLANG_WARN_BOOL_CONVERSION = YES;
				CLANG_WARN_COMMA = YES;
				CLANG_WARN_CONSTANT_CONVERSION = YES;
				CLANG_WARN_DEPRECATED_OBJC_IMPLEMENTATIONS = YES;
				CLANG_WARN_DIRECT_OBJC_ISA_USAGE = YES_ERROR;
				CLANG_WARN_DOCUMENTATION_COMMENTS = YES;
				CLANG_WARN_EMPTY_BODY = YES;
				CLANG_WARN_ENUM_CONVERSION = YES;
				CLANG_WARN_INFINITE_RECURSION = YES;
				CLANG_WARN_INT_CONVERSION = YES;
				CLANG_WARN_NON_LITERAL_NULL_CONVERSION = YES;
				CLANG_WARN_OBJC_IMPLICIT_RETAIN_SELF = YES;
				CLANG_WARN_OBJC_LITERAL_CONVERSION = YES;
				CLANG_WARN_OBJC_ROOT_CLASS = YES_ERROR;
				CLANG_WARN_QUOTED_INCLUDE_IN_FRAMEWORK_HEADER = YES;
				CLANG_WARN_RANGE_LOOP_ANALYSIS = YES;
				CLANG_WARN_STRICT_PROTOTYPES = YES;
				CLANG_WARN_SUSPICIOUS_MOVE = YES;
				CLANG_WARN_UNGUARDED_AVAILABILITY = YES_AGGRESSIVE;
				CLANG_WARN_UNREACHABLE_CODE = YES;
				CLANG_WARN__DUPLICATE_METHOD_MATCH = YES;
				COPY_PHASE_STRIP = NO;
				DEBUG_INFORMATION_FORMAT = dwarf;
				ENABLE_STRICT_OBJC_MSGSEND = YES;
				ENABLE_TESTABILITY = YES;
				GCC_C_LANGUAGE_STANDARD = gnu11;
				GCC_DYNAMIC_NO_PIC = NO;
				GCC_NO_COMMON_BLOCKS = YES;
				GCC_OPTIMIZATION_LEVEL = 0;
				GCC_PREPROCESSOR_DEFINITIONS = (
					"DEBUG=1",
					"$(inherited)",
				);
				GCC_WARN_64_TO_32_BIT_CONVERSION = YES;
				GCC_WARN_ABOUT_RETURN_TYPE = YES_ERROR;
				GCC_WARN_UNDECLARED_SELECTOR = YES;
				GCC_WARN_UNINITIALIZED_AUTOS = YES_AGGRESSIVE;
				GCC_WARN_UNUSED_FUNCTION = YES;
				GCC_WARN_UNUSED_VARIABLE = YES;
				IPHONEOS_DEPLOYMENT_TARGET = 16.4;
				MTL_ENABLE_DEBUG_INFO = INCLUDE_SOURCE;
				MTL_FAST_MATH = YES;
				ONLY_ACTIVE_ARCH = YES;
				SDKROOT = iphoneos;
				SWIFT_ACTIVE_COMPILATION_CONDITIONS = DEBUG;
				SWIFT_OPTIMIZATION_LEVEL = "-Onone";
			};
			name = Debug;
		};
		A19337272AAF3F5E00F49633 /* Release */ = {
			isa = XCBuildConfiguration;
			buildSettings = {
				ALWAYS_SEARCH_USER_PATHS = NO;
				CLANG_ANALYZER_NONNULL = YES;
				CLANG_ANALYZER_NUMBER_OBJECT_CONVERSION = YES_AGGRESSIVE;
				CLANG_CXX_LANGUAGE_STANDARD = "gnu++20";
				CLANG_ENABLE_MODULES = YES;
				CLANG_ENABLE_OBJC_ARC = YES;
				CLANG_ENABLE_OBJC_WEAK = YES;
				CLANG_WARN_BLOCK_CAPTURE_AUTORELEASING = YES;
				CLANG_WARN_BOOL_CONVERSION = YES;
				CLANG_WARN_COMMA = YES;
				CLANG_WARN_CONSTANT_CONVERSION = YES;
				CLANG_WARN_DEPRECATED_OBJC_IMPLEMENTATIONS = YES;
				CLANG_WARN_DIRECT_OBJC_ISA_USAGE = YES_ERROR;
				CLANG_WARN_DOCUMENTATION_COMMENTS = YES;
				CLANG_WARN_EMPTY_BODY = YES;
				CLANG_WARN_ENUM_CONVERSION = YES;
				CLANG_WARN_INFINITE_RECURSION = YES;
				CLANG_WARN_INT_CONVERSION = YES;
				CLANG_WARN_NON_LITERAL_NULL_CONVERSION = YES;
				CLANG_WARN_OBJC_IMPLICIT_RETAIN_SELF = YES;
				CLANG_WARN_OBJC_LITERAL_CONVERSION = YES;
				CLANG_WARN_OBJC_ROOT_CLASS = YES_ERROR;
				CLANG_WARN_QUOTED_INCLUDE_IN_FRAMEWORK_HEADER = YES;
				CLANG_WARN_RANGE_LOOP_ANALYSIS = YES;
				CLANG_WARN_STRICT_PROTOTYPES = YES;
				CLANG_WARN_SUSPICIOUS_MOVE = YES;
				CLANG_WARN_UNGUARDED_AVAILABILITY = YES_AGGRESSIVE;
				CLANG_WARN_UNREACHABLE_CODE = YES;
				CLANG_WARN__DUPLICATE_METHOD_MATCH = YES;
				COPY_PHASE_STRIP = NO;
				DEBUG_INFORMATION_FORMAT = "dwarf-with-dsym";
				ENABLE_NS_ASSERTIONS = NO;
				ENABLE_STRICT_OBJC_MSGSEND = YES;
				GCC_C_LANGUAGE_STANDARD = gnu11;
				GCC_NO_COMMON_BLOCKS = YES;
				GCC_WARN_64_TO_32_BIT_CONVERSION = YES;
				GCC_WARN_ABOUT_RETURN_TYPE = YES_ERROR;
				GCC_WARN_UNDECLARED_SELECTOR = YES;
				GCC_WARN_UNINITIALIZED_AUTOS = YES_AGGRESSIVE;
				GCC_WARN_UNUSED_FUNCTION = YES;
				GCC_WARN_UNUSED_VARIABLE = YES;
				IPHONEOS_DEPLOYMENT_TARGET = 16.4;
				MTL_ENABLE_DEBUG_INFO = NO;
				MTL_FAST_MATH = YES;
				SDKROOT = iphoneos;
				SWIFT_COMPILATION_MODE = wholemodule;
				SWIFT_OPTIMIZATION_LEVEL = "-O";
				VALIDATE_PRODUCT = YES;
			};
			name = Release;
		};
		A19337292AAF3F5E00F49633 /* Debug */ = {
			isa = XCBuildConfiguration;
			buildSettings = {
				ASSETCATALOG_COMPILER_APPICON_NAME = AppIcon;
				ASSETCATALOG_COMPILER_GLOBAL_ACCENT_COLOR_NAME = AccentColor;
				CODE_SIGN_STYLE = Automatic;
				CURRENT_PROJECT_VERSION = 1;
				DEVELOPMENT_TEAM = NQ2VLM7NM7;
				GENERATE_INFOPLIST_FILE = YES;
				INFOPLIST_FILE = DJApp/Info.plist;
				INFOPLIST_KEY_UIApplicationSupportsIndirectInputEvents = YES;
				INFOPLIST_KEY_UILaunchStoryboardName = LaunchScreen;
				INFOPLIST_KEY_UIMainStoryboardFile = Main;
				INFOPLIST_KEY_UISupportedInterfaceOrientations = UIInterfaceOrientationLandscapeRight;
				LD_RUNPATH_SEARCH_PATHS = (
					"$(inherited)",
					"@executable_path/Frameworks",
				);
				MARKETING_VERSION = 1.0;
				PRODUCT_BUNDLE_IDENTIFIER = com.synervoz.DJApp;
				PRODUCT_NAME = "$(TARGET_NAME)";
				SWIFT_EMIT_LOC_STRINGS = YES;
				SWIFT_VERSION = 5.0;
				TARGETED_DEVICE_FAMILY = "1,2";
			};
			name = Debug;
		};
		A193372A2AAF3F5E00F49633 /* Release */ = {
			isa = XCBuildConfiguration;
			buildSettings = {
				ASSETCATALOG_COMPILER_APPICON_NAME = AppIcon;
				ASSETCATALOG_COMPILER_GLOBAL_ACCENT_COLOR_NAME = AccentColor;
				CODE_SIGN_STYLE = Automatic;
				CURRENT_PROJECT_VERSION = 1;
				DEVELOPMENT_TEAM = NQ2VLM7NM7;
				GENERATE_INFOPLIST_FILE = YES;
				INFOPLIST_FILE = DJApp/Info.plist;
				INFOPLIST_KEY_UIApplicationSupportsIndirectInputEvents = YES;
				INFOPLIST_KEY_UILaunchStoryboardName = LaunchScreen;
				INFOPLIST_KEY_UIMainStoryboardFile = Main;
				INFOPLIST_KEY_UISupportedInterfaceOrientations = UIInterfaceOrientationLandscapeRight;
				LD_RUNPATH_SEARCH_PATHS = (
					"$(inherited)",
					"@executable_path/Frameworks",
				);
				MARKETING_VERSION = 1.0;
				PRODUCT_BUNDLE_IDENTIFIER = com.synervoz.DJApp;
				PRODUCT_NAME = "$(TARGET_NAME)";
				SWIFT_EMIT_LOC_STRINGS = YES;
				SWIFT_VERSION = 5.0;
				TARGETED_DEVICE_FAMILY = "1,2";
			};
			name = Release;
		};
/* End XCBuildConfiguration section */

/* Begin XCConfigurationList section */
		986BD5E42B8CD51B00AF212E /* Build configuration list for PBXNativeTarget "DJAppUITests" */ = {
			isa = XCConfigurationList;
			buildConfigurations = (
				986BD5E52B8CD51B00AF212E /* Debug */,
				986BD5E62B8CD51B00AF212E /* Release */,
			);
			defaultConfigurationIsVisible = 0;
			defaultConfigurationName = Release;
		};
		A193370F2AAF3F5C00F49633 /* Build configuration list for PBXProject "DJApp" */ = {
			isa = XCConfigurationList;
			buildConfigurations = (
				A19337262AAF3F5E00F49633 /* Debug */,
				A19337272AAF3F5E00F49633 /* Release */,
			);
			defaultConfigurationIsVisible = 0;
			defaultConfigurationName = Release;
		};
		A19337282AAF3F5E00F49633 /* Build configuration list for PBXNativeTarget "DJApp" */ = {
			isa = XCConfigurationList;
			buildConfigurations = (
				A19337292AAF3F5E00F49633 /* Debug */,
				A193372A2AAF3F5E00F49633 /* Release */,
			);
			defaultConfigurationIsVisible = 0;
			defaultConfigurationName = Release;
		};
/* End XCConfigurationList section */

/* Begin XCRemoteSwiftPackageReference section */
		A193372B2AAF491800F49633 /* XCRemoteSwiftPackageReference "switchboard-sdk-ios" */ = {
			isa = XCRemoteSwiftPackageReference;
			repositoryURL = "https://github.com/switchboard-sdk/switchboard-sdk-ios";
			requirement = {
				kind = exactVersion;
				version = 2.1.0;
			};
		};
/* End XCRemoteSwiftPackageReference section */

/* Begin XCSwiftPackageProductDependency section */
		A193372C2AAF491900F49633 /* SwitchboardSDK */ = {
			isa = XCSwiftPackageProductDependency;
			package = A193372B2AAF491800F49633 /* XCRemoteSwiftPackageReference "switchboard-sdk-ios" */;
			productName = SwitchboardSDK;
		};
		A193372E2AAF491900F49633 /* SwitchboardSuperpowered */ = {
			isa = XCSwiftPackageProductDependency;
			package = A193372B2AAF491800F49633 /* XCRemoteSwiftPackageReference "switchboard-sdk-ios" */;
			productName = SwitchboardSuperpowered;
		};
/* End XCSwiftPackageProductDependency section */
	};
	rootObject = A193370C2AAF3F5C00F49633 /* Project object */;
}
